# This file is automatically @generated by Cargo.
# It is not intended for manual editing.
version = 4

[[package]]
name = "anyhow"
version = "1.0.99"
source = "registry+https://github.com/rust-lang/crates.io-index"
checksum = "b0674a1ddeecb70197781e945de4b3b8ffb61fa939a5597bcf48503737663100"

[[package]]
name = "cc"
version = "1.0.76"
source = "registry+https://github.com/rust-lang/crates.io-index"
checksum = "76a284da2e6fe2092f2353e51713435363112dfd60030e22add80be333fb928f"

[[package]]
name = "cmake"
version = "0.1.49"
source = "registry+https://github.com/rust-lang/crates.io-index"
checksum = "db34956e100b30725f2eb215f90d4871051239535632f84fea3bc92722c66b7c"
dependencies = [
 "cc",
]

[[package]]
name = "const-str"
version = "0.6.4"
source = "registry+https://github.com/rust-lang/crates.io-index"
checksum = "451d0640545a0553814b4c646eb549343561618838e9b42495f466131fe3ad49"

[[package]]
name = "lazy_static"
version = "1.4.0"
source = "registry+https://github.com/rust-lang/crates.io-index"
checksum = "e2abad23fbc42b3700f2f279844dc832adb2b2eb069b2df918f455c4e18cc646"

[[package]]
name = "libc"
version = "0.2.137"
source = "registry+https://github.com/rust-lang/crates.io-index"
checksum = "fc7fcc620a3bff7cdd7a365be3376c97191aeaccc2a603e600951e452615bf89"

[[package]]
name = "llvm-build"
version = "0.1.0"
dependencies = [
 "qirlib",
]

[[package]]
name = "llvm-sys"
version = "181.2.0"
source = "registry+https://github.com/rust-lang/crates.io-index"
checksum = "d320f9d2723c97d4b78f9190a61ed25cc7cfbe456668c08e6e7dd8e50ceb8500"
dependencies = [
 "anyhow",
 "cc",
 "lazy_static",
 "libc",
 "regex-lite",
 "semver",
]

[[package]]
name = "llvm-sys"
version = "191.0.0"
source = "registry+https://github.com/rust-lang/crates.io-index"
checksum = "893cddf1adf0354b93411e413553dd4daf5c43195d73f1acfa1e394bdd371456"
dependencies = [
 "anyhow",
 "cc",
 "lazy_static",
 "libc",
 "regex-lite",
 "semver",
]

[[package]]
name = "llvm-sys"
version = "201.0.1"
source = "registry+https://github.com/rust-lang/crates.io-index"
checksum = "9bb947e8b79254ca10d496d0798a9ba1287dcf68e50a92b016fec1cc45bef447"
dependencies = [
 "anyhow",
 "cc",
 "lazy_static",
 "libc",
 "regex-lite",
 "semver",
]

[[package]]
name = "qirlib"
version = "0.12.3"
source = "git+https://github.com/qir-alliance/pyqir?tag=v0.12.3#72987780b717a11721377ee4afedd51c26658872"
dependencies = [
 "cc",
 "cmake",
 "const-str",
 "llvm-sys 181.2.0",
 "llvm-sys 191.0.0",
 "llvm-sys 201.0.1",
]

[[package]]
name = "regex-lite"
version = "0.1.7"
source = "registry+https://github.com/rust-lang/crates.io-index"
checksum = "943f41321c63ef1c92fd763bfe054d2668f7f225a5c29f0105903dc2fc04ba30"

[[package]]
name = "semver"
version = "1.0.14"
source = "registry+https://github.com/rust-lang/crates.io-index"
checksum = "e25dfac463d778e353db5be2449d1cce89bd6fd23c9f1ea21310ce6e5a1b29c4"
