# This file is automatically @generated by Cargo.
# It is not intended for manual editing.
version = 4

[[package]]
name = "anyhow"
version = "1.0.100"
source = "registry+https://github.com/rust-lang/crates.io-index"
checksum = "a23eb6b1614318a8071c9b2521f36b424b2c83db5eb3a0fead4a6c0809af6e61"

[[package]]
name = "cc"
version = "1.2.48"
source = "registry+https://github.com/rust-lang/crates.io-index"
checksum = "c481bdbf0ed3b892f6f806287d72acd515b352a4ec27a208489b8c1bc839633a"
dependencies = [
 "find-msvc-tools",
 "shlex",
]

[[package]]
name = "cmake"
version = "0.1.54"
source = "registry+https://github.com/rust-lang/crates.io-index"
checksum = "e7caa3f9de89ddbe2c607f4101924c5abec803763ae9534e4f4d7d8f84aa81f0"
dependencies = [
 "cc",
]

[[package]]
name = "const-str"
version = "0.6.4"
source = "registry+https://github.com/rust-lang/crates.io-index"
checksum = "451d0640545a0553814b4c646eb549343561618838e9b42495f466131fe3ad49"

[[package]]
name = "find-msvc-tools"
version = "0.1.5"
source = "registry+https://github.com/rust-lang/crates.io-index"
checksum = "3a3076410a55c90011c298b04d0cfa770b00fa04e1e3c97d3f6c9de105a03844"

[[package]]
name = "lazy_static"
version = "1.5.0"
source = "registry+https://github.com/rust-lang/crates.io-index"
checksum = "bbd2bcb4c963f2ddae06a2efc7e9f3591312473c50c6685e1f298068316e66fe"

[[package]]
name = "libc"
version = "0.2.178"
source = "registry+https://github.com/rust-lang/crates.io-index"
checksum = "37c93d8daa9d8a012fd8ab92f088405fb202ea0b6ab73ee2482ae66af4f42091"

[[package]]
name = "llvm-build"
version = "0.1.0"
dependencies = [
 "qirlib",
]

[[package]]
name = "llvm-sys"
version = "181.3.0"
source = "registry+https://github.com/rust-lang/crates.io-index"
checksum = "e24aad69cbdb0c6ebe777262e9e6314dceba0d6e6a2a63e47563ccd293a2eda8"
dependencies = [
 "anyhow",
 "cc",
 "lazy_static",
 "libc",
 "regex-lite",
 "semver",
]

[[package]]
name = "llvm-sys"
version = "191.1.0"
source = "registry+https://github.com/rust-lang/crates.io-index"
checksum = "d0ad1fffbdac72a40b55aa58b31aa0efe925e277941b6705f128692b27f1d506"
dependencies = [
 "anyhow",
 "cc",
 "lazy_static",
 "libc",
 "regex-lite",
 "semver",
]

[[package]]
name = "llvm-sys"
version = "201.0.1"
source = "registry+https://github.com/rust-lang/crates.io-index"
checksum = "9bb947e8b79254ca10d496d0798a9ba1287dcf68e50a92b016fec1cc45bef447"
dependencies = [
 "anyhow",
 "cc",
 "lazy_static",
 "libc",
 "regex-lite",
 "semver",
]

[[package]]
name = "qirlib"
version = "0.12.1"
source = "git+https://github.com/qir-alliance/pyqir?tag=v0.12.1#f8993befeb2ac48a8485a4b63eb4e39fa0769af5"
dependencies = [
 "cc",
 "cmake",
 "const-str",
 "llvm-sys 181.3.0",
 "llvm-sys 191.1.0",
 "llvm-sys 201.0.1",
]

[[package]]
name = "regex-lite"
version = "0.1.8"
source = "registry+https://github.com/rust-lang/crates.io-index"
checksum = "8d942b98df5e658f56f20d592c7f868833fe38115e65c33003d8cd224b0155da"

[[package]]
name = "semver"
version = "1.0.27"
source = "registry+https://github.com/rust-lang/crates.io-index"
checksum = "d767eb0aabc880b29956c35734170f26ed551a859dbd361d140cdbeca61ab1e2"

[[package]]
name = "shlex"
version = "1.3.0"
source = "registry+https://github.com/rust-lang/crates.io-index"
checksum = "0fda2ff0d084019ba4d7c6f371c95d8fd75ce3524c3cb8fb653a3023f6323e64"
